
Microsoft Visual Studio Solution File, Format Version 12.00
# Visual Studio Version 16
VisualStudioVersion = 16.0.30413.136
MinimumVisualStudioVersion = 10.0.40219.1
Project("{FAE04EC0-301F-11D3-BF4B-00C04F79EFBC}") = "PreambulePPE", "PreambulePPE.csproj", "{803526D8-4C2C-456C-855D-0FA0DD324EB0}"
EndProject
Global
	GlobalSection(SolutionConfigurationPlatforms) = preSolution
		Debug|Any CPU = Debug|Any CPU
		Release|Any CPU = Release|Any CPU
	EndGlobalSection
	GlobalSection(ProjectConfigurationPlatforms) = postSolution
		{803526D8-4C2C-456C-855D-0FA0DD324EB0}.Debug|Any CPU.ActiveCfg = Debug|Any CPU
		{803526D8-4C2C-456C-855D-0FA0DD324EB0}.Debug|Any CPU.Build.0 = Debug|Any CPU
		{803526D8-4C2C-456C-855D-0FA0DD324EB0}.Release|Any CPU.ActiveCfg = Release|Any CPU
		{803526D8-4C2C-456C-855D-0FA0DD324EB0}.Release|Any CPU.Build.0 = Release|Any CPU
	EndGlobalSection
	GlobalSection(SolutionProperties) = preSolution
		HideSolutionNode = FALSE
	EndGlobalSection
	GlobalSection(ExtensibilityGlobals) = postSolution
		SolutionGuid = {492581B6-4AC4-41D3-BE6D-881BB43A276F}
	EndGlobalSection
EndGlobal
